
Microsoft Visual Studio Solution File, Format Version 12.00
# Visual Studio Version 17
VisualStudioVersion = 17.0.31919.166
MinimumVisualStudioVersion = 10.0.40219.1
Project("{FAE04EC0-301F-11D3-BF4B-00C04F79EFBC}") = "AppRelationModel4", "AppRelationModel4.csproj", "{29CDD429-214F-437C-BB2D-1019CFD9AD5C}"
EndProject
Global
	GlobalSection(SolutionConfigurationPlatforms) = preSolution
		Debug|Any CPU = Debug|Any CPU
		Release|Any CPU = Release|Any CPU
	EndGlobalSection
	GlobalSection(ProjectConfigurationPlatforms) = postSolution
		{29CDD429-214F-437C-BB2D-1019CFD9AD5C}.Debug|Any CPU.ActiveCfg = Debug|Any CPU
		{29CDD429-214F-437C-BB2D-1019CFD9AD5C}.Debug|Any CPU.Build.0 = Debug|Any CPU
		{29CDD429-214F-437C-BB2D-1019CFD9AD5C}.Release|Any CPU.ActiveCfg = Release|Any CPU
		{29CDD429-214F-437C-BB2D-1019CFD9AD5C}.Release|Any CPU.Build.0 = Release|Any CPU
	EndGlobalSection
	GlobalSection(SolutionProperties) = preSolution
		HideSolutionNode = FALSE
	EndGlobalSection
	GlobalSection(ExtensibilityGlobals) = postSolution
		SolutionGuid = {51B16A0D-6CDE-4C45-B0FB-4D47F9CE78D7}
	EndGlobalSection
EndGlobal
